
Microsoft Visual Studio Solution File, Format Version 12.00
# Visual Studio 15
VisualStudioVersion = 15.0.27130.2024
MinimumVisualStudioVersion = 10.0.40219.1
Project("{FAE04EC0-301F-11D3-BF4B-00C04F79EFBC}") = "WindowsFormsApp13", "WindowsFormsApp13\WindowsFormsApp13.csproj", "{D622021C-7F28-4796-9CB0-55ED2DD01155}"
EndProject
Global
	GlobalSection(SolutionConfigurationPlatforms) = preSolution
		Debug|Any CPU = Debug|Any CPU
		Release|Any CPU = Release|Any CPU
	EndGlobalSection
	GlobalSection(ProjectConfigurationPlatforms) = postSolution
		{D622021C-7F28-4796-9CB0-55ED2DD01155}.Debug|Any CPU.ActiveCfg = Debug|Any CPU
		{D622021C-7F28-4796-9CB0-55ED2DD01155}.Debug|Any CPU.Build.0 = Debug|Any CPU
		{D622021C-7F28-4796-9CB0-55ED2DD01155}.Release|Any CPU.ActiveCfg = Release|Any CPU
		{D622021C-7F28-4796-9CB0-55ED2DD01155}.Release|Any CPU.Build.0 = Release|Any CPU
	EndGlobalSection
	GlobalSection(SolutionProperties) = preSolution
		HideSolutionNode = FALSE
	EndGlobalSection
	GlobalSection(ExtensibilityGlobals) = postSolution
		SolutionGuid = {B8D6F3DE-B417-41BF-B7A6-34422989A692}
	EndGlobalSection
EndGlobal
