
Microsoft Visual Studio Solution File, Format Version 12.00
# Visual Studio 15
VisualStudioVersion = 15.0.27130.2024
MinimumVisualStudioVersion = 10.0.40219.1
Project("{FAE04EC0-301F-11D3-BF4B-00C04F79EFBC}") = "ConsoleApp4", "ConsoleApp4\ConsoleApp4.csproj", "{03981D6B-3486-41A1-A56F-0C414EE56E31}"
EndProject
Global
	GlobalSection(SolutionConfigurationPlatforms) = preSolution
		Debug|Any CPU = Debug|Any CPU
		Release|Any CPU = Release|Any CPU
	EndGlobalSection
	GlobalSection(ProjectConfigurationPlatforms) = postSolution
		{03981D6B-3486-41A1-A56F-0C414EE56E31}.Debug|Any CPU.ActiveCfg = Debug|Any CPU
		{03981D6B-3486-41A1-A56F-0C414EE56E31}.Debug|Any CPU.Build.0 = Debug|Any CPU
		{03981D6B-3486-41A1-A56F-0C414EE56E31}.Release|Any CPU.ActiveCfg = Release|Any CPU
		{03981D6B-3486-41A1-A56F-0C414EE56E31}.Release|Any CPU.Build.0 = Release|Any CPU
	EndGlobalSection
	GlobalSection(SolutionProperties) = preSolution
		HideSolutionNode = FALSE
	EndGlobalSection
	GlobalSection(ExtensibilityGlobals) = postSolution
		SolutionGuid = {8A3A2B17-85F6-446B-9C4E-CD5F1960174E}
	EndGlobalSection
EndGlobal
